github.com/gohugoio/hugo-mod-bootstrap-scss/v5 v5.20300.20200 h1:SmpwwN3DNzJWbV+IT8gaFu07ENUFpCvKou5BHYUKuVs=
github.com/gohugoio/hugo-mod-bootstrap-scss/v5 v5.20300.20200/go.mod h1:kx8MBj9T7SFR8ZClWvKZPmmUxBaltkoXvnWlZZcSnYA=
github.com/gohugoio/hugo-mod-jslibs-dist/popperjs/v2 v2.21100.20000 h1:GZxx4Hc+yb0/t3/rau1j8XlAxLE4CyXns2fqQbyqWfs=
github.com/gohugoio/hugo-mod-jslibs-dist/popperjs/v2 v2.21100.20000/go.mod h1:mFberT6ZtcchrsDtfvJM7aAH2bDKLdOnruUHl0hlapI=
github.com/hbstack/base v0.4.0 h1:5gvYI8HumSeeKEuX9Yr2HNPMjsjt1CpNs8HTakMLdsw=
github.com/hbstack/base v0.4.0/go.mod h1:UrBBIY2xIIv3qLfHU5sX4Z1+vmWv0WuqXoSjco1huIc=
github.com/hbstack/base v0.4.1 h1:rRmnQonYwixoo/MzDAGOH5S1aIB6/ArPRueRDil0cnc=
github.com/hbstack/base v0.4.1/go.mod h1:ihI8NSFogNNXLpt7vWEYTGgSWE9UvgnfyFKJqmyOauU=
github.com/hbstack/blog v0.18.0 h1:XEyT6iaBqQEaGn7Th8CG8nOgNmfVTIStSOW73CoWeWg=
github.com/hbstack/blog v0.18.0/go.mod h1:KnzxoBimPscpB0275kItIJPWM989KPj6ADJIbZTGaY0=
github.com/hbstack/blog v0.22.4 h1:nYciTx2MTeBZxNSuj9AgGBfP9tC4u9Q/vnhvGamM02g=
github.com/hbstack/blog v0.22.4/go.mod h1:Cgl6vahWLroBnWElXKa8aLcgkXIEAw6/4S+dW8f1AGk=
github.com/hbstack/blog v0.22.5 h1:2NaOe6VV2d32qguX7bY1QQ/bSP7j+2llCJ+2LldAZE8=
github.com/hbstack/blog v0.22.5/go.mod h1:Cgl6vahWLroBnWElXKa8aLcgkXIEAw6/4S+dW8f1AGk=
github.com/hbstack/blog/modules/post-nav v0.3.5 h1:BSlIF6b5FthEIsPX4p32gPxxErhKWKq5ApnhYhVQWRE=
github.com/hbstack/blog/modules/post-nav v0.3.5/go.mod h1:RaRPQwGTMcIzUqSlRD2fthSWGeEfIuPMLbLt/LKZFcY=
github.com/hbstack/blog/modules/related-posts v0.2.5 h1:e5IF1TK8A/7Tpp6Eso43Ns2//BSbJYsFmOW+1yeKN0U=
github.com/hbstack/blog/modules/related-posts v0.2.5/go.mod h1:MG7gAdmJIMDTRD9Qyx3ANsJCY/xmG12zO69aDSKWDlE=
github.com/hbstack/carousel v0.2.4 h1:OkMRqyhklJBMbOXo8p/dsS+iQVQTrMUI7Jfm13Js3L4=
github.com/hbstack/carousel v0.2.4/go.mod h1:AchKlXiqYNZouE3Ee/VSSQle2FUZV5CJgTnPBFI7Gj0=
github.com/hbstack/docs v0.11.1 h1:jxN21spvHQk5+KMj4c7sWls+o3QhHoX6rwyCFe0wEJ8=
github.com/hbstack/docs v0.11.1/go.mod h1:vzdSxwSyCPWZUSXbLOojFd5YhZDWceyfbSRjLVkvEDs=
github.com/hbstack/footer v0.2.5 h1:SBelvFYo8/IDPisprlZxEaR70PXcoHfjL+2mm1ir6/A=
github.com/hbstack/footer v0.2.5/go.mod h1:L0ZYdYRROlGUGLRA9QchkYeByHIff/EU4WKRdAUW+E8=
github.com/hbstack/footer v0.2.7 h1:JJgBZWJyB7UzXSifH2KMFd9ma5yLL3m/pSroMaX+kc4=
github.com/hbstack/footer v0.2.7/go.mod h1:MqglUBsBvlatiE5utMwLlnwHxLLOPe89zFmuD4HM37M=
github.com/hbstack/hb v0.7.2 h1:usdoBKt4ubow1i4ESJTkQZydattjLOJfZ5nlaJK+zP4=
github.com/hbstack/hb v0.7.2/go.mod h1:ZOmDVAInLN3kwl/uoggHvj9e7dU5UFIcvswIGbNdq4M=
github.com/hbstack/header v0.12.0 h1:VMqJP3v2SMPnsiZ7VkcE1C1scyBc47FHM8AeDFbGBwI=
github.com/hbstack/header v0.12.0/go.mod h1:MkFJjAqVs/pgOEBjdCzBTdjT6q43It0PGvZh56OkdB4=
github.com/hbstack/header v0.12.1 h1:pJVsIB8kv8V1ljpLG8UbquYyAXKKBDDPSHmmBy6soKo=
github.com/hbstack/header v0.12.1/go.mod h1:MkFJjAqVs/pgOEBjdCzBTdjT6q43It0PGvZh56OkdB4=
github.com/hbstack/pagination v0.6.0 h1:sUirQEsW9ZmRU0GxlsE2pN7ZYghI4aqJYgfWAgd+iys=
github.com/hbstack/pagination v0.6.0/go.mod h1:xAvZzN0UZW0j/IAUipcRIIQ7P9Sq44M3k47HaHy7OuU=
github.com/hbstack/socials v0.9.0 h1:Lru22qqydHTcBJkkYlsk0Dl91IuZPLWBpr+BQB6d87U=
github.com/hbstack/socials v0.9.0/go.mod h1:8H+ztN27J59oWcQyQTFj95HsauF2a22GXqQlNMGTQw4=
github.com/hugomods/base v0.3.0 h1:RCYfzlmMRzN1VAvGCMFqW5tommG5S/WV+LYHIOD8eKI=
github.com/hugomods/base v0.3.0/go.mod h1:hnWCPbVxuhXBwdFax3mmbMlWKmIo/7OP36MCLOyHtT4=
github.com/hugomods/base v0.4.0 h1:jzBIJpqDx8aLAlNe/zF1xbefu1XYxumZc39tOO0ZjSw=
github.com/hugomods/base v0.4.0/go.mod h1:hnWCPbVxuhXBwdFax3mmbMlWKmIo/7OP36MCLOyHtT4=
github.com/hugomods/gravatar v0.2.0 h1:642HNhGN7Mw7qefNcUFJKzLoT2zJKt4IQkrS53mIUfA=
github.com/hugomods/gravatar v0.2.0/go.mod h1:oATWuh5u2XUK/ZKzOD0VEP5I/TZfVZwplTyhT61Q4Fc=
github.com/hugomods/hugopress v0.2.1 h1:coYEPHUNLuTxKrVWVIPgs0lbZ6yrqxdWjgSriNFuBVo=
github.com/hugomods/hugopress v0.2.1/go.mod h1:CRYvr60xOkZOf4Atkuj+uEj2EH5pjJ39Ws3aJAkoMkA=
github.com/hugomods/hugopress v0.2.2 h1:2gBGs1RrOSYWNBu8PcqApQNN63jLsBfAViMSvh6QiX4=
github.com/hugomods/hugopress v0.2.2/go.mod h1:CRYvr60xOkZOf4Atkuj+uEj2EH5pjJ39Ws3aJAkoMkA=
github.com/hugomods/icons v0.6.0 h1:G6RU93okhPPRDh/jqcew9gwkcYpSpg0rCBv4S6yUAFw=
github.com/hugomods/icons v0.6.0/go.mod h1:cIkSvK6W0q6N4U6n9KGz+QfRWQXAW0INd+1P31gPNGg=
github.com/hugomods/icons/vendors/bootstrap v0.5.2 h1:A/6sY9tcTY0kGdz+yJOotRutWaXLXHbwHgI5NDZ4nvk=
github.com/hugomods/icons/vendors/bootstrap v0.5.2/go.mod h1:O+9YwW2aJiOIC7R/zmSnoiZjiix1HMJD5J7NRLxRg+M=
github.com/hugomods/icons/vendors/simple-icons v1.0.18 h1:glig4G/c4QTi0qyND0YkQTf0wlS5MySxQJs1EZqnAD8=
github.com/hugomods/icons/vendors/simple-icons v1.0.18/go.mod h1:8pAAI7UX84AUnxTRCVJ8u9oZUgeRHteLnkZwbf+ogKc=
github.com/hugomods/icons/vendors/simple-icons v1.0.20 h1:lKMBlZ8mmlQdS5ySJaH1SqQX/AoCnVr3mTvDhPcL1wA=
github.com/hugomods/icons/vendors/simple-icons v1.0.20/go.mod h1:8wbqQIjRS1HdnGDhTIhgfpHjfRDU5/k3223eEVJYyeE=
github.com/hugomods/icons/vendors/simple-icons v1.0.23 h1:6i3SDBf9MGwmaBca0uzjF/97j8gFvOFvmDfhPkLm6qg=
github.com/hugomods/icons/vendors/simple-icons v1.0.23/go.mod h1:o6weSXwunOIg3Gu3XoA5ZHo1vBzJRhKpbJJBdIb1Rpg=
github.com/hugomods/images v0.8.3 h1:tvccLmr4ydDw2rWtfRJUuXbDMYzoK9eB2HRTfVFi8to=
github.com/hugomods/images v0.8.3/go.mod h1:U6Gwj16LKvk66rOMyGFrnF6f0aV8lT89lqOsckOAjYY=
github.com/hugomods/seo/modules/base v0.1.0 h1:ZEkWuYeRJeQakBkBThO3N3lmGzOZoPixs4pDugJXfJk=
github.com/hugomods/seo/modules/base v0.1.0/go.mod h1:qfm1Vga0eGxL+Szgz8Jopm+NtJ5PGov2a2dikTg1qSg=
github.com/hugomods/simple-icons v10.0.0+incompatible h1:UoBlxon4ThOfyIkqaJg8wg3VHPqd/jguRsqpglgKbyY=
github.com/hugomods/simple-icons v10.0.0+incompatible/go.mod h1:1Lvymol7AMVY7ji/o88jMoDHHZIJ5Wc+WwNe5hjmk+U=
github.com/twbs/bootstrap v5.3.2+incompatible h1:tuiO5acc6xnZUR77Sbi5aKWXxjYxbmsSbJwYrhAKoQQ=
github.com/twbs/bootstrap v5.3.2+incompatible/go.mod h1:fZTSrkpSf0/HkL0IIJzvVspTt1r9zuf7XlZau8kpcY0=
github.com/twbs/icons v1.11.1 h1:lMKkMwupTDfBJWXx6RFLwfYuCmqG/uUAu2LaOf7bZjU=
github.com/twbs/icons v1.11.1/go.mod h1:GnRlymgVWp5iVJCMa0Me5b6tFyGpVc2bSxPMRGIJmyA=
github.com/twbs/icons v1.11.2 h1:I0zuO+pk4F1jKGautLPFUQyU2uQyir0GBGb4ArpXZLg=
github.com/twbs/icons v1.11.2/go.mod h1:GnRlymgVWp5iVJCMa0Me5b6tFyGpVc2bSxPMRGIJmyA=
