github.com/gohugoio/hugo-mod-bootstrap-scss/v5 v5.20300.20200 h1:SmpwwN3DNzJWbV+IT8gaFu07ENUFpCvKou5BHYUKuVs=
github.com/gohugoio/hugo-mod-bootstrap-scss/v5 v5.20300.20200/go.mod h1:kx8MBj9T7SFR8ZClWvKZPmmUxBaltkoXvnWlZZcSnYA=
github.com/gohugoio/hugo-mod-jslibs-dist/popperjs/v2 v2.21100.20000 h1:GZxx4Hc+yb0/t3/rau1j8XlAxLE4CyXns2fqQbyqWfs=
github.com/gohugoio/hugo-mod-jslibs-dist/popperjs/v2 v2.21100.20000/go.mod h1:mFberT6ZtcchrsDtfvJM7aAH2bDKLdOnruUHl0hlapI=
github.com/hbstack/base v0.4.1 h1:rRmnQonYwixoo/MzDAGOH5S1aIB6/ArPRueRDil0cnc=
github.com/hbstack/base v0.4.1/go.mod h1:ihI8NSFogNNXLpt7vWEYTGgSWE9UvgnfyFKJqmyOauU=
github.com/hbstack/base v0.4.2/go.mod h1:TimBDf5axaS0vfBwKOo4+NMGO4Qy5G7P8s909I/nd2o=
github.com/hbstack/base v0.4.3/go.mod h1:J5A7oLAuKGyUU3SPhvwhZ9kWvVBRjWyWIANgR+6fppg=
github.com/hbstack/base v0.4.4/go.mod h1:oSKOFOxBtKd2zHjWq68SaF+zgtrNar9icGmRxDGPT0M=
github.com/hbstack/base v0.4.5/go.mod h1:03s6ySDgFTfhIKUc8y1C7xEp8eCtRp0NfYNY57myd1g=
github.com/hbstack/base v0.4.6/go.mod h1:+kxOsRxZqtZG4BF9Vmk8APlSSez95515EQqoz0xPK7M=
github.com/hbstack/base v0.5.0/go.mod h1:4A2bxdXMjpj4HSEnugN7hlFECiap4zUX56jOqtu4YPY=
github.com/hbstack/base v0.5.1/go.mod h1:4A2bxdXMjpj4HSEnugN7hlFECiap4zUX56jOqtu4YPY=
github.com/hbstack/base v0.5.2/go.mod h1:4A2bxdXMjpj4HSEnugN7hlFECiap4zUX56jOqtu4YPY=
github.com/hbstack/base v0.6.0/go.mod h1:4A2bxdXMjpj4HSEnugN7hlFECiap4zUX56jOqtu4YPY=
github.com/hbstack/base v0.6.1/go.mod h1:rDOIrQy8GKXqam3dvHPQnrvwadQByiGcDY1Q35wBrT4=
github.com/hbstack/base v0.6.2/go.mod h1:eO3xP3CJ2Dwc38+FjVqZuzmvT8dYF2D2Dw4Sx4pi9Ng=
github.com/hbstack/blog v0.22.6 h1:VeDHB79yT4rEZWg+0pSTaHY7F0QU3U2gpg2EX5qp3Y0=
github.com/hbstack/blog v0.22.6/go.mod h1:t2NOr8WXadG+x0e7p38D5M8JCOw4G14WyuWg12DTejg=
github.com/hbstack/blog v0.22.7/go.mod h1:t2NOr8WXadG+x0e7p38D5M8JCOw4G14WyuWg12DTejg=
github.com/hbstack/blog v0.22.8/go.mod h1:vTjQqYFAK5nRcKdiktZOgSqOh6F0taDzqykJjjZkGuw=
github.com/hbstack/blog v0.23.0/go.mod h1:+hvHHCoBYAtUDBaf1JD54mJ/XScL+TSa/OZD+OrfbgY=
github.com/hbstack/blog v0.24.0/go.mod h1:+hvHHCoBYAtUDBaf1JD54mJ/XScL+TSa/OZD+OrfbgY=
github.com/hbstack/blog v0.24.1/go.mod h1:kph+UDJmulJJ2UqNN1L9pCYNVMk6qAY9kAVnn/2QIik=
github.com/hbstack/blog v0.24.2/go.mod h1:MVyMZqDGbWrT4FTC7X0mJwoBvanhD22j/0CWsS/saFo=
github.com/hbstack/blog v0.24.3/go.mod h1:54ctuT+rObZR1Ta9PvHvFGfpR+lP4chp5QRsJksht5c=
github.com/hbstack/blog v0.25.0/go.mod h1:tBpnIWjlf0ybe/0j3LVj3dS7FD2GQL0/RMP2qpMYveM=
github.com/hbstack/blog v0.25.1/go.mod h1:XBIbUVJR4ueJQmt8h1C+rB9Q7dZ06EVc36g2ffH0TiU=
github.com/hbstack/blog v0.25.2/go.mod h1:RHtaIph9jKCXLIMVzdc9voX7pSu6fpk2IPzVwGLWjKc=
github.com/hbstack/blog v0.26.0/go.mod h1:y3guhi3enHGM4+RKekB8NaewEw8EczmCU+HvmgIsjSU=
github.com/hbstack/blog v0.26.1/go.mod h1:WBmo3M7F5HFabY2nWU8g2oJ8RK7rAynxKwVWf15AAIQ=
github.com/hbstack/blog v0.26.2/go.mod h1:WBmo3M7F5HFabY2nWU8g2oJ8RK7rAynxKwVWf15AAIQ=
github.com/hbstack/blog v0.26.3/go.mod h1:WBmo3M7F5HFabY2nWU8g2oJ8RK7rAynxKwVWf15AAIQ=
github.com/hbstack/blog v0.27.0/go.mod h1:WBmo3M7F5HFabY2nWU8g2oJ8RK7rAynxKwVWf15AAIQ=
github.com/hbstack/blog v0.27.2/go.mod h1:WBmo3M7F5HFabY2nWU8g2oJ8RK7rAynxKwVWf15AAIQ=
github.com/hbstack/blog v0.29.0/go.mod h1:JeosIMEAE5RvRokP03xIVhPL1n19e0oyfvaMNzr+OpE=
github.com/hbstack/blog v0.29.1/go.mod h1:seD+hskGzqejUgQJeif45jFXJDP9ltY7UkWBvb0Q/To=
github.com/hbstack/blog v0.30.0/go.mod h1:VRcCQo79uAPKJJ9zILRovLEi5GhJ5kWcfuCcSmbWpa4=
github.com/hbstack/blog v0.31.1/go.mod h1:GO9bM+547de/TtOGP6cETsz8zymLkLrximZHj06B6Co=
github.com/hbstack/blog v0.32.0/go.mod h1:GO9bM+547de/TtOGP6cETsz8zymLkLrximZHj06B6Co=
github.com/hbstack/blog v0.32.1/go.mod h1:GO9bM+547de/TtOGP6cETsz8zymLkLrximZHj06B6Co=
github.com/hbstack/blog v0.32.2/go.mod h1:ArJ8ucu5m8PHmRNk/Y/K5y5JHXZvhnuyV1XKoGuWqd4=
github.com/hbstack/blog v0.33.0/go.mod h1:oYyhhRNxUTAv3zSKPmu43YUgImEn0qsugj6ZdrAshsY=
github.com/hbstack/blog v0.34.0/go.mod h1:X27vP5wZXzOSyOO44Ma0TFd187/SU8z/I1FTZhfmSWM=
github.com/hbstack/blog v0.35.0/go.mod h1:NFSWnd34kl/9062qIgVsJU0Pi4BqLKiLw6BItG3D0VA=
github.com/hbstack/blog v0.35.1/go.mod h1:/A1EQoCCs9zlcn7dWecP0YMUmH2n1juv3DO4e/mfQ+o=
github.com/hbstack/blog v0.35.2/go.mod h1:6uWETL+fybTZEKOJ1BEMXG84B+Ucy0GmfFy1t8Itjjg=
github.com/hbstack/blog v0.35.3/go.mod h1:4yQsuqIiYIyQCLWxgaueK3lRCmAm30pVRdwGEdHE95I=
github.com/hbstack/blog v0.35.4/go.mod h1:noV38aLO4c2nWZPUYgRyvjIX4seSTToaRt4kKImo4KQ=
github.com/hbstack/blog v0.36.1/go.mod h1:IJuliGxBkgSi8wmacZ9CGSlUIRFCCnhyViCzrWxjnlo=
github.com/hbstack/blog v0.37.0/go.mod h1:9yZB+gkRkINisP5uWk5CllGJ4bv211KjkHdsTtvEdjM=
github.com/hbstack/blog v0.37.1/go.mod h1:X4Wo3ClIdrMNXiZ7JbI65pKLNCVt5HJeidFMSIFIwb8=
github.com/hbstack/blog v0.37.2/go.mod h1:ivXn9g7VMsTmlbkrBsY6rA/+8KWESGXZI60CTTCBLyw=
github.com/hbstack/blog v0.37.3/go.mod h1:AIDU/s/QGVJhMB9Y20ZR4L7h2zOCI9XuPBpv11O6rJY=
github.com/hbstack/blog v0.37.4/go.mod h1:kPLAw+tLZGjcnaNevNjo86KS2zQNkblFLiG01qF2O1Q=
github.com/hbstack/blog v0.38.0/go.mod h1:mSWZq1M68aJSjGPv+yfbduABOSNbpBJ9HAM/EIKWxfQ=
github.com/hbstack/carousel v0.2.4 h1:OkMRqyhklJBMbOXo8p/dsS+iQVQTrMUI7Jfm13Js3L4=
github.com/hbstack/carousel v0.2.4/go.mod h1:AchKlXiqYNZouE3Ee/VSSQle2FUZV5CJgTnPBFI7Gj0=
github.com/hbstack/carousel v0.2.5/go.mod h1:37ffr9r5ilAS4b7KrplyCeOcTPmFd2PMygLo+VPe3oY=
github.com/hbstack/carousel v0.2.6/go.mod h1:XWL7LkRRjyy4g/NF83cnLi49NpWBgW554HGb52lvrzc=
github.com/hbstack/carousel v0.2.7/go.mod h1:jjsMHn99vOq5Vbu9WVyPOq9vm+0NBgWuGaNW6vjumZE=
github.com/hbstack/footer v0.2.8 h1:Wh8PaZM7hGFOlDjeEJg37jekf6l6YF+wazSLbjilWHw=
github.com/hbstack/footer v0.2.8/go.mod h1:9lJgQPtlefBNs/nrdt6Qr/hF5CjvymwkUVBunjdgrcg=
github.com/hbstack/footer v0.2.9/go.mod h1:9lJgQPtlefBNs/nrdt6Qr/hF5CjvymwkUVBunjdgrcg=
github.com/hbstack/footer v0.2.10/go.mod h1:z779/sE1prEcABuz4RjhSwA8QkFLkmf+xv/5yM3BtPc=
github.com/hbstack/footer v0.3.0/go.mod h1:mYITqQNk4PJWxPciS4/r0bRuB3cDDOXZ3dGwIHuYTME=
github.com/hbstack/footer v0.4.0/go.mod h1:5eB1ETT2WO5pNHObzRpFdwzrcQnHDGoBUOi+gtX/fa4=
github.com/hbstack/footer v0.4.1/go.mod h1:EvignAN0ShrWDbPAlf9+lrRfJSha9G4wYPDUed4wPzg=
github.com/hbstack/hb v0.7.2 h1:usdoBKt4ubow1i4ESJTkQZydattjLOJfZ5nlaJK+zP4=
github.com/hbstack/hb v0.7.2/go.mod h1:ZOmDVAInLN3kwl/uoggHvj9e7dU5UFIcvswIGbNdq4M=
github.com/hbstack/hb v0.8.0/go.mod h1:Z+gW6UsRwuivPcqqEb67h7vSQwSCWOr7KxNXkhcsEzM=
github.com/hbstack/hb v0.8.1/go.mod h1:Z+gW6UsRwuivPcqqEb67h7vSQwSCWOr7KxNXkhcsEzM=
github.com/hbstack/hb v0.9.0/go.mod h1:6T8TytCOb1C0EIRVcjzwuhI/G/H0ytTOaJbT1xwiDuY=
github.com/hbstack/hb v0.9.1/go.mod h1:6T8TytCOb1C0EIRVcjzwuhI/G/H0ytTOaJbT1xwiDuY=
github.com/hbstack/hb v0.9.2/go.mod h1:6T8TytCOb1C0EIRVcjzwuhI/G/H0ytTOaJbT1xwiDuY=
github.com/hbstack/hb v0.10.0/go.mod h1:6T8TytCOb1C0EIRVcjzwuhI/G/H0ytTOaJbT1xwiDuY=
github.com/hbstack/hb v0.11.0/go.mod h1:6T8TytCOb1C0EIRVcjzwuhI/G/H0ytTOaJbT1xwiDuY=
github.com/hbstack/hb v0.11.1/go.mod h1:udGcwypPlkMBU+HmhxwJ31w5q/Zak37X8MWTRPeAaBI=
github.com/hbstack/hb v0.11.2/go.mod h1:8liwfjapaZK09pXP6XqZ49GOqFPTn7H9jIZsy7S6esg=
github.com/hbstack/hb v0.12.0/go.mod h1:8liwfjapaZK09pXP6XqZ49GOqFPTn7H9jIZsy7S6esg=
github.com/hbstack/hb v0.12.1/go.mod h1:8liwfjapaZK09pXP6XqZ49GOqFPTn7H9jIZsy7S6esg=
github.com/hbstack/hb v0.12.2/go.mod h1:gwKZN1bsmMuSjEkI/l/9zJCG0Xz96h0r7Cv/WOjjNjc=
github.com/hbstack/hb v0.12.3/go.mod h1:K+8F6OQKKAVneWZKzW/Jj3vbqaG1ewFIH/P7HKNeF3o=
github.com/hbstack/hb v0.12.4/go.mod h1:FJilVCHtkVpfXZT+Ii2OFCVeu9wQh/YGgRMuPKX5ycA=
github.com/hbstack/hb v0.13.0/go.mod h1:FJilVCHtkVpfXZT+Ii2OFCVeu9wQh/YGgRMuPKX5ycA=
github.com/hbstack/hb v0.14.0/go.mod h1:FJilVCHtkVpfXZT+Ii2OFCVeu9wQh/YGgRMuPKX5ycA=
github.com/hbstack/hb v0.15.0/go.mod h1:FJilVCHtkVpfXZT+Ii2OFCVeu9wQh/YGgRMuPKX5ycA=
github.com/hbstack/hb v0.15.1/go.mod h1:FJilVCHtkVpfXZT+Ii2OFCVeu9wQh/YGgRMuPKX5ycA=
github.com/hbstack/hb v0.15.2/go.mod h1:FJilVCHtkVpfXZT+Ii2OFCVeu9wQh/YGgRMuPKX5ycA=
github.com/hbstack/hb v0.15.3/go.mod h1:FJilVCHtkVpfXZT+Ii2OFCVeu9wQh/YGgRMuPKX5ycA=
github.com/hbstack/header v0.12.2 h1:doFT82RLCaSGedMTtVuERMjE97aG6aNEqvTu9atuyYE=
github.com/hbstack/header v0.12.2/go.mod h1:Tr1ae4nQQ43FQM+z/GcCPwTANmuJ8NaUpzcEcN4ynTg=
github.com/hbstack/header v0.12.3/go.mod h1:Tr1ae4nQQ43FQM+z/GcCPwTANmuJ8NaUpzcEcN4ynTg=
github.com/hbstack/header v0.12.4/go.mod h1:4XKdpn0KyL9VN8tFRsVqU8AF5eOM1Gw5+vvhXlsF/X0=
github.com/hbstack/header v0.12.5/go.mod h1:qJ6oP59zCAmkKnFALrEOBo92dnAmxCkYeG1uFjmVMj8=
github.com/hbstack/header v0.12.6/go.mod h1:7veV7tRH43rdYf4OIhoiy473Y/qoyeAJhglGTO+egKE=
github.com/hbstack/header v0.12.7/go.mod h1:UmRz21kEHDZjFA+TGjWSM/68WL8xHK15CmNgWBM9BEM=
github.com/hbstack/header v0.13.0/go.mod h1:F50k0BteNpwlfSs4V+5k4jn+ozqRnjTfxugUT7esA80=
github.com/hbstack/header v0.14.0/go.mod h1:F50k0BteNpwlfSs4V+5k4jn+ozqRnjTfxugUT7esA80=
github.com/hbstack/header v0.14.1/go.mod h1:f0GHuDsvRYKmseNq10MAqX9yySxNQTKFNwW+z1p3YWg=
github.com/hbstack/header v0.14.2/go.mod h1:ixl3LE1P436T4lVErrUVTyRv7fYqEs4zLc1OeBK+VqI=
github.com/hbstack/header v0.14.3/go.mod h1:W7eolpYJctsTD8GVFEj09Ogbqqy8OAqcxBEbW3ZTYIg=
github.com/hbstack/header v0.14.4/go.mod h1:W7eolpYJctsTD8GVFEj09Ogbqqy8OAqcxBEbW3ZTYIg=
github.com/hbstack/header v0.14.5/go.mod h1:W7eolpYJctsTD8GVFEj09Ogbqqy8OAqcxBEbW3ZTYIg=
github.com/hbstack/header v0.14.6/go.mod h1:L/d+aYCUxWqzvdGzsVUI8hWJNESs1qw4emI4Gobvda4=
github.com/hbstack/header v0.15.0/go.mod h1:L/d+aYCUxWqzvdGzsVUI8hWJNESs1qw4emI4Gobvda4=
github.com/hbstack/header v0.15.1/go.mod h1:ruhJLStQ+YHY31W/PpcBSuvKJbWENbbB9RmNkuKnPpk=
github.com/hbstack/header v0.16.0/go.mod h1:ruhJLStQ+YHY31W/PpcBSuvKJbWENbbB9RmNkuKnPpk=
github.com/hbstack/header v0.16.1/go.mod h1:ruhJLStQ+YHY31W/PpcBSuvKJbWENbbB9RmNkuKnPpk=
github.com/hbstack/header v0.16.2/go.mod h1:ruhJLStQ+YHY31W/PpcBSuvKJbWENbbB9RmNkuKnPpk=
github.com/hbstack/pagination v0.6.0 h1:sUirQEsW9ZmRU0GxlsE2pN7ZYghI4aqJYgfWAgd+iys=
github.com/hbstack/pagination v0.6.0/go.mod h1:xAvZzN0UZW0j/IAUipcRIIQ7P9Sq44M3k47HaHy7OuU=
github.com/hbstack/pagination v0.7.0/go.mod h1:XaYSS/iReEFQo+fbVAx2YfjP4muWEraVNGeaTcVA35o=
github.com/hbstack/pagination v0.8.0/go.mod h1:XaYSS/iReEFQo+fbVAx2YfjP4muWEraVNGeaTcVA35o=
github.com/hbstack/socials v0.9.0 h1:Lru22qqydHTcBJkkYlsk0Dl91IuZPLWBpr+BQB6d87U=
github.com/hbstack/socials v0.9.0/go.mod h1:8H+ztN27J59oWcQyQTFj95HsauF2a22GXqQlNMGTQw4=
github.com/hbstack/socials v0.10.0/go.mod h1:VeK9k0+f+HsKuPbVAqRwwz5KqWm+2+NlYlJsMdja4c8=
github.com/hbstack/socials v0.11.0/go.mod h1:VeK9k0+f+HsKuPbVAqRwwz5KqWm+2+NlYlJsMdja4c8=
github.com/hbstack/socials v0.12.0/go.mod h1:VeK9k0+f+HsKuPbVAqRwwz5KqWm+2+NlYlJsMdja4c8=
github.com/hbstack/socials v0.13.0/go.mod h1:xCbwzO1NzuLhll79QlkG9r/wS0r3Hl5Cy+GhxZBqceo=
github.com/hbstack/socials v0.14.0/go.mod h1:xCbwzO1NzuLhll79QlkG9r/wS0r3Hl5Cy+GhxZBqceo=
github.com/hbstack/socials v0.14.1/go.mod h1:xCbwzO1NzuLhll79QlkG9r/wS0r3Hl5Cy+GhxZBqceo=
github.com/hbstack/socials v0.15.0/go.mod h1:Bu1TdfuxLKtpEImsmuvB8OwbYJaGzOriQbOh3u7gTtc=
github.com/hbstack/socials v0.16.0/go.mod h1:9pfExMNoBMnQ0JV2ODURqUQsEC/HlgUo9b3jXdrHNM4=
github.com/hbstack/socials v0.17.0/go.mod h1:bGfRrGxVWfvwseOzJ+13vHhHpZ+e+f2z8k4ypPBhH10=
github.com/hugomods/base v0.4.0 h1:jzBIJpqDx8aLAlNe/zF1xbefu1XYxumZc39tOO0ZjSw=
github.com/hugomods/base v0.4.0/go.mod h1:hnWCPbVxuhXBwdFax3mmbMlWKmIo/7OP36MCLOyHtT4=
github.com/hugomods/base v0.4.1/go.mod h1:hnWCPbVxuhXBwdFax3mmbMlWKmIo/7OP36MCLOyHtT4=
github.com/hugomods/base v0.4.2/go.mod h1:hnWCPbVxuhXBwdFax3mmbMlWKmIo/7OP36MCLOyHtT4=
github.com/hugomods/base v0.5.0/go.mod h1:hnWCPbVxuhXBwdFax3mmbMlWKmIo/7OP36MCLOyHtT4=
github.com/hugomods/base v0.6.0/go.mod h1:hnWCPbVxuhXBwdFax3mmbMlWKmIo/7OP36MCLOyHtT4=
github.com/hugomods/base v0.7.0/go.mod h1:hnWCPbVxuhXBwdFax3mmbMlWKmIo/7OP36MCLOyHtT4=
github.com/hugomods/base v0.7.1/go.mod h1:hnWCPbVxuhXBwdFax3mmbMlWKmIo/7OP36MCLOyHtT4=
github.com/hugomods/base v0.7.2/go.mod h1:hnWCPbVxuhXBwdFax3mmbMlWKmIo/7OP36MCLOyHtT4=
github.com/hugomods/gravatar v0.2.0 h1:642HNhGN7Mw7qefNcUFJKzLoT2zJKt4IQkrS53mIUfA=
github.com/hugomods/gravatar v0.2.0/go.mod h1:oATWuh5u2XUK/ZKzOD0VEP5I/TZfVZwplTyhT61Q4Fc=
github.com/hugomods/hugopress v0.2.2 h1:2gBGs1RrOSYWNBu8PcqApQNN63jLsBfAViMSvh6QiX4=
github.com/hugomods/hugopress v0.2.2/go.mod h1:CRYvr60xOkZOf4Atkuj+uEj2EH5pjJ39Ws3aJAkoMkA=
github.com/hugomods/hugopress v0.2.3/go.mod h1:CRYvr60xOkZOf4Atkuj+uEj2EH5pjJ39Ws3aJAkoMkA=
github.com/hugomods/hugopress v0.3.0/go.mod h1:CRYvr60xOkZOf4Atkuj+uEj2EH5pjJ39Ws3aJAkoMkA=
github.com/hugomods/hugopress v0.4.0/go.mod h1:CRYvr60xOkZOf4Atkuj+uEj2EH5pjJ39Ws3aJAkoMkA=
github.com/hugomods/hugopress v0.4.1/go.mod h1:CRYvr60xOkZOf4Atkuj+uEj2EH5pjJ39Ws3aJAkoMkA=
github.com/hugomods/hugopress v0.5.0/go.mod h1:CRYvr60xOkZOf4Atkuj+uEj2EH5pjJ39Ws3aJAkoMkA=
github.com/hugomods/icons v0.6.0 h1:G6RU93okhPPRDh/jqcew9gwkcYpSpg0rCBv4S6yUAFw=
github.com/hugomods/icons v0.6.0/go.mod h1:cIkSvK6W0q6N4U6n9KGz+QfRWQXAW0INd+1P31gPNGg=
github.com/hugomods/icons v0.6.1/go.mod h1:cIkSvK6W0q6N4U6n9KGz+QfRWQXAW0INd+1P31gPNGg=
github.com/hugomods/icons v0.6.2/go.mod h1:cIkSvK6W0q6N4U6n9KGz+QfRWQXAW0INd+1P31gPNGg=
github.com/hugomods/icons v0.6.3/go.mod h1:cIkSvK6W0q6N4U6n9KGz+QfRWQXAW0INd+1P31gPNGg=
github.com/hugomods/icons v0.6.4/go.mod h1:cIkSvK6W0q6N4U6n9KGz+QfRWQXAW0INd+1P31gPNGg=
github.com/hugomods/icons/vendors/bootstrap v0.5.2 h1:A/6sY9tcTY0kGdz+yJOotRutWaXLXHbwHgI5NDZ4nvk=
github.com/hugomods/icons/vendors/bootstrap v0.5.2/go.mod h1:O+9YwW2aJiOIC7R/zmSnoiZjiix1HMJD5J7NRLxRg+M=
github.com/hugomods/icons/vendors/bootstrap v0.5.3/go.mod h1:SuPcqO3u8gN4epmf+2L1G8pg6X3nXj2D6FYRWd+OIrw=
github.com/hugomods/icons/vendors/bootstrap v0.5.4/go.mod h1:DtuYP+dG9Sttfsggd9k09h/hapZBsel6JJ1vNetkaCg=
github.com/hugomods/icons/vendors/bootstrap v0.5.5/go.mod h1:DtuYP+dG9Sttfsggd9k09h/hapZBsel6JJ1vNetkaCg=
github.com/hugomods/icons/vendors/bootstrap v0.5.6/go.mod h1:Sw1RhQvFcsQlJ5a4SKpp7A0XHDYQ0DK0pQwnnx+l+Ao=
github.com/hugomods/icons/vendors/bootstrap v0.5.7/go.mod h1:bTxiIPJ/idHEc35EtvtwSODLpjI+R54BkGdikO3gCmY=
github.com/hugomods/icons/vendors/simple-icons v1.0.23 h1:6i3SDBf9MGwmaBca0uzjF/97j8gFvOFvmDfhPkLm6qg=
github.com/hugomods/icons/vendors/simple-icons v1.0.23/go.mod h1:o6weSXwunOIg3Gu3XoA5ZHo1vBzJRhKpbJJBdIb1Rpg=
github.com/hugomods/icons/vendors/simple-icons v1.0.24/go.mod h1:de5K5DTbhux0E8u9stiNIqtJ5O/k29xOAqoYTnhsKMw=
github.com/hugomods/icons/vendors/simple-icons v1.0.25/go.mod h1:Yi5H1QtUn2ijo/jEkgjHi5i5jnjIkmREZuJ1qzuRqh0=
github.com/hugomods/icons/vendors/simple-icons v1.0.26/go.mod h1:TM3sfNzBmqrckH18wYC0ksdsqvZFpZULE0gnbSeNoUY=
github.com/hugomods/icons/vendors/simple-icons v1.0.27/go.mod h1:1JLmxEWlmmxE67YzC/CbP19QEfFMoucbLzMWvJ5N4DQ=
github.com/hugomods/icons/vendors/simple-icons v1.0.28/go.mod h1:p1h2vSOPRPf+wlqISlrZPNZqF6dLdg4T0l9A05KM4BM=
github.com/hugomods/icons/vendors/simple-icons v1.0.29/go.mod h1:xarNh9bs80owlZgbN9TP894ITqsjiClD3B/JIJtfYL8=
github.com/hugomods/icons/vendors/simple-icons v1.0.30/go.mod h1:xarNh9bs80owlZgbN9TP894ITqsjiClD3B/JIJtfYL8=
github.com/hugomods/icons/vendors/simple-icons v1.0.31/go.mod h1:mXoItc29/obFr5EOEiDmrLMZQ+3juCch3YyQ8Jo6ElA=
github.com/hugomods/icons/vendors/simple-icons v1.0.32/go.mod h1:l038jUYiTs8kdeAcGBVj4cuP25KQku6gb/H0NDjix3Y=
github.com/hugomods/icons/vendors/simple-icons v1.0.33/go.mod h1:La0IFKLpjIf2fJduy4tD89ZYlyv8rfcDA+WW5enNUFM=
github.com/hugomods/icons/vendors/simple-icons v1.0.34/go.mod h1:5gxe7UQ8FingkIsuIid/a3C0BwhH9aYtCzwjf/2Cm/o=
github.com/hugomods/icons/vendors/simple-icons v1.0.35/go.mod h1:uc0Ig96nm0s46VMxdy1Hzy9BEmLq0c1nIbPzuMlgILI=
github.com/hugomods/icons/vendors/simple-icons v1.0.36/go.mod h1:831A05oHGziqogtDl3NW7ZjtHpnPTzhK/w/19/mnH+E=
github.com/hugomods/icons/vendors/simple-icons v1.0.37/go.mod h1:YnC8ZUSGAKOhW3aY8qugJLe6w5Ck/k8EXBzGmKN5YdA=
github.com/hugomods/icons/vendors/simple-icons v1.0.38/go.mod h1:XhswsNEfVeOhYACVe9+IIN7Z2AN0keT1ddnWv/vHp9A=
github.com/hugomods/icons/vendors/simple-icons v1.0.39/go.mod h1:Y+C3h6tOJ938GK7dqUxC7nYPtcIcmKOFLlWaikRv+8c=
github.com/hugomods/icons/vendors/simple-icons v1.0.40/go.mod h1:594XsVTJ2lgbzAUy/4OopxsZEeAOKmg8GfOBwiBiCe8=
github.com/hugomods/icons/vendors/simple-icons v1.0.41/go.mod h1:LppcJG9cNDKHw5NRGmyGPBsZoqo+I18HegEgmo2/LVg=
github.com/hugomods/icons/vendors/simple-icons v1.0.42/go.mod h1:fjtQc/rNlpZdGmcT7vmOGbh33/xMD1EKqloJ+A2/1Eo=
github.com/hugomods/icons/vendors/simple-icons v1.0.43/go.mod h1:4XiukTwoxx4f9qLYUsSppODCq7mQx/P/cJp2UDHzECw=
github.com/hugomods/icons/vendors/simple-icons v1.0.44/go.mod h1:7LcqEe8I+bPorVukiTA8m+HHKH/i413NgyItgGuhtRQ=
github.com/hugomods/icons/vendors/simple-icons v1.0.45/go.mod h1:uCOLQy1qICLIFyWZMPUG5FCH2nJEFvZRjEZ4UM4Pvto=
github.com/hugomods/icons/vendors/simple-icons v1.0.46/go.mod h1:OkG7GY2x/zFC9k3ueYcm2vmtNhIMczRb188FLfg+mJI=
github.com/hugomods/icons/vendors/simple-icons v1.0.47/go.mod h1:+OxJaLg5ElwlUW/JhUq7IeuXg0tKLoB8MaOhkWQW0Eg=
github.com/hugomods/icons/vendors/simple-icons v1.0.48/go.mod h1:OW3DGGP2A2ArBfZWjnLsiZShjXr2fltoP57HySYrsTg=
github.com/hugomods/icons/vendors/simple-icons v1.0.49/go.mod h1:K3F3oFb6euvhpRXzWw8sSO+c68uZJZAcazuzxT8XIhc=
github.com/hugomods/icons/vendors/simple-icons v1.0.50/go.mod h1:yc7MBoWIZX7Da0f6beE/Ppxmp7/stWqyGZRZMBErVJw=
github.com/hugomods/icons/vendors/simple-icons v1.0.51/go.mod h1:Uk4BMaWL6ohfjicOQEPZJuhCgWD9beDOkJ8+3zD0m2Q=
github.com/hugomods/icons/vendors/simple-icons v1.0.52/go.mod h1:JkyLPirnYf5HbI2GUZ4O2PGDMA9BsBfNSakPfrOoG00=
github.com/hugomods/icons/vendors/simple-icons v1.0.53/go.mod h1:uhL0lxvPii4EnmJhJcG0yvzgzoGDxw6+95Ouzez+jvc=
github.com/hugomods/icons/vendors/simple-icons v1.0.54/go.mod h1:lAfVp+/D/p4trFjOYi4E+xjzOi4Pp0Sn1r32AhGofXc=
github.com/hugomods/icons/vendors/simple-icons v1.0.55/go.mod h1:DgADd72ssALNAevP4aSMLRFRIdvbPaMA5FKTWfFA+lc=
github.com/hugomods/icons/vendors/simple-icons v1.0.56/go.mod h1:amg6gmRchBb2zrdPIbLAqXViVtNplSvnYL+MZrZSX6g=
github.com/hugomods/images v0.8.3 h1:tvccLmr4ydDw2rWtfRJUuXbDMYzoK9eB2HRTfVFi8to=
github.com/hugomods/images v0.8.3/go.mod h1:U6Gwj16LKvk66rOMyGFrnF6f0aV8lT89lqOsckOAjYY=
github.com/hugomods/images v0.8.4/go.mod h1:U6Gwj16LKvk66rOMyGFrnF6f0aV8lT89lqOsckOAjYY=
github.com/hugomods/images v0.9.0/go.mod h1:U6Gwj16LKvk66rOMyGFrnF6f0aV8lT89lqOsckOAjYY=
github.com/hugomods/images v0.9.1/go.mod h1:U6Gwj16LKvk66rOMyGFrnF6f0aV8lT89lqOsckOAjYY=
github.com/hugomods/images v0.9.2/go.mod h1:U6Gwj16LKvk66rOMyGFrnF6f0aV8lT89lqOsckOAjYY=
github.com/hugomods/images v0.9.3/go.mod h1:U6Gwj16LKvk66rOMyGFrnF6f0aV8lT89lqOsckOAjYY=
github.com/hugomods/images v0.10.0/go.mod h1:U6Gwj16LKvk66rOMyGFrnF6f0aV8lT89lqOsckOAjYY=
github.com/hugomods/images v0.10.1/go.mod h1:U6Gwj16LKvk66rOMyGFrnF6f0aV8lT89lqOsckOAjYY=
github.com/hugomods/images v0.11.0/go.mod h1:U6Gwj16LKvk66rOMyGFrnF6f0aV8lT89lqOsckOAjYY=
github.com/hugomods/images v0.11.2/go.mod h1:U6Gwj16LKvk66rOMyGFrnF6f0aV8lT89lqOsckOAjYY=
github.com/hugomods/seo/modules/base v0.1.0 h1:ZEkWuYeRJeQakBkBThO3N3lmGzOZoPixs4pDugJXfJk=
github.com/hugomods/seo/modules/base v0.1.0/go.mod h1:qfm1Vga0eGxL+Szgz8Jopm+NtJ5PGov2a2dikTg1qSg=
github.com/hugomods/seo/modules/base v0.1.1/go.mod h1:qfm1Vga0eGxL+Szgz8Jopm+NtJ5PGov2a2dikTg1qSg=
github.com/hugomods/seo/modules/base v0.1.2/go.mod h1:qfm1Vga0eGxL+Szgz8Jopm+NtJ5PGov2a2dikTg1qSg=
github.com/hugomods/seo/modules/base v0.1.3/go.mod h1:kKuDlSh6uMjNAfe4j1RFQze4HwTHVKWuLIRsMwENqxs=
github.com/hugomods/simple-icons v10.0.0+incompatible h1:UoBlxon4ThOfyIkqaJg8wg3VHPqd/jguRsqpglgKbyY=
github.com/hugomods/simple-icons v10.0.0+incompatible/go.mod h1:1Lvymol7AMVY7ji/o88jMoDHHZIJ5Wc+WwNe5hjmk+U=
github.com/hugomods/simple-icons v10.2.0+incompatible/go.mod h1:1Lvymol7AMVY7ji/o88jMoDHHZIJ5Wc+WwNe5hjmk+U=
github.com/hugomods/simple-icons v10.3.0+incompatible/go.mod h1:1Lvymol7AMVY7ji/o88jMoDHHZIJ5Wc+WwNe5hjmk+U=
github.com/hugomods/simple-icons v10.4.0+incompatible/go.mod h1:1Lvymol7AMVY7ji/o88jMoDHHZIJ5Wc+WwNe5hjmk+U=
github.com/hugomods/simple-icons v11.0.0+incompatible/go.mod h1:1Lvymol7AMVY7ji/o88jMoDHHZIJ5Wc+WwNe5hjmk+U=
github.com/hugomods/simple-icons v11.1.0+incompatible/go.mod h1:1Lvymol7AMVY7ji/o88jMoDHHZIJ5Wc+WwNe5hjmk+U=
github.com/hugomods/simple-icons v11.4.0+incompatible/go.mod h1:1Lvymol7AMVY7ji/o88jMoDHHZIJ5Wc+WwNe5hjmk+U=
github.com/hugomods/simple-icons v11.6.0+incompatible/go.mod h1:1Lvymol7AMVY7ji/o88jMoDHHZIJ5Wc+WwNe5hjmk+U=
github.com/hugomods/simple-icons v11.8.0+incompatible/go.mod h1:1Lvymol7AMVY7ji/o88jMoDHHZIJ5Wc+WwNe5hjmk+U=
github.com/hugomods/simple-icons v11.9.0+incompatible/go.mod h1:1Lvymol7AMVY7ji/o88jMoDHHZIJ5Wc+WwNe5hjmk+U=
github.com/hugomods/simple-icons v11.10.0+incompatible/go.mod h1:1Lvymol7AMVY7ji/o88jMoDHHZIJ5Wc+WwNe5hjmk+U=
github.com/hugomods/simple-icons v11.11.0+incompatible/go.mod h1:1Lvymol7AMVY7ji/o88jMoDHHZIJ5Wc+WwNe5hjmk+U=
github.com/hugomods/simple-icons v11.13.0+incompatible/go.mod h1:1Lvymol7AMVY7ji/o88jMoDHHZIJ5Wc+WwNe5hjmk+U=
github.com/hugomods/simple-icons v11.14.0+incompatible/go.mod h1:1Lvymol7AMVY7ji/o88jMoDHHZIJ5Wc+WwNe5hjmk+U=
github.com/hugomods/simple-icons v11.15.0+incompatible/go.mod h1:1Lvymol7AMVY7ji/o88jMoDHHZIJ5Wc+WwNe5hjmk+U=
github.com/hugomods/simple-icons v12.0.0+incompatible/go.mod h1:1Lvymol7AMVY7ji/o88jMoDHHZIJ5Wc+WwNe5hjmk+U=
github.com/hugomods/simple-icons v12.1.0+incompatible/go.mod h1:1Lvymol7AMVY7ji/o88jMoDHHZIJ5Wc+WwNe5hjmk+U=
github.com/hugomods/simple-icons v12.2.0+incompatible/go.mod h1:1Lvymol7AMVY7ji/o88jMoDHHZIJ5Wc+WwNe5hjmk+U=
github.com/hugomods/simple-icons v12.3.0+incompatible/go.mod h1:1Lvymol7AMVY7ji/o88jMoDHHZIJ5Wc+WwNe5hjmk+U=
github.com/hugomods/simple-icons v12.4.0+incompatible/go.mod h1:1Lvymol7AMVY7ji/o88jMoDHHZIJ5Wc+WwNe5hjmk+U=
github.com/hugomods/simple-icons v13.0.0+incompatible/go.mod h1:1Lvymol7AMVY7ji/o88jMoDHHZIJ5Wc+WwNe5hjmk+U=
github.com/hugomods/simple-icons v13.1.0+incompatible/go.mod h1:1Lvymol7AMVY7ji/o88jMoDHHZIJ5Wc+WwNe5hjmk+U=
github.com/hugomods/simple-icons v13.2.0+incompatible/go.mod h1:1Lvymol7AMVY7ji/o88jMoDHHZIJ5Wc+WwNe5hjmk+U=
github.com/hugomods/simple-icons v13.3.0+incompatible/go.mod h1:1Lvymol7AMVY7ji/o88jMoDHHZIJ5Wc+WwNe5hjmk+U=
github.com/hugomods/simple-icons v13.4.0+incompatible/go.mod h1:1Lvymol7AMVY7ji/o88jMoDHHZIJ5Wc+WwNe5hjmk+U=
github.com/hugomods/simple-icons v13.5.0+incompatible/go.mod h1:1Lvymol7AMVY7ji/o88jMoDHHZIJ5Wc+WwNe5hjmk+U=
github.com/hugomods/simple-icons v13.6.0+incompatible/go.mod h1:1Lvymol7AMVY7ji/o88jMoDHHZIJ5Wc+WwNe5hjmk+U=
github.com/hugomods/simple-icons v13.7.0+incompatible/go.mod h1:1Lvymol7AMVY7ji/o88jMoDHHZIJ5Wc+WwNe5hjmk+U=
github.com/hugomods/simple-icons v13.8.0+incompatible/go.mod h1:1Lvymol7AMVY7ji/o88jMoDHHZIJ5Wc+WwNe5hjmk+U=
github.com/hugomods/simple-icons v13.10.0+incompatible/go.mod h1:1Lvymol7AMVY7ji/o88jMoDHHZIJ5Wc+WwNe5hjmk+U=
github.com/hugomods/simple-icons v13.11.0+incompatible/go.mod h1:1Lvymol7AMVY7ji/o88jMoDHHZIJ5Wc+WwNe5hjmk+U=
github.com/hugomods/simple-icons v13.12.0+incompatible/go.mod h1:1Lvymol7AMVY7ji/o88jMoDHHZIJ5Wc+WwNe5hjmk+U=
github.com/hugomods/simple-icons v13.13.0+incompatible/go.mod h1:1Lvymol7AMVY7ji/o88jMoDHHZIJ5Wc+WwNe5hjmk+U=
github.com/hugomods/simple-icons v13.14.0+incompatible/go.mod h1:1Lvymol7AMVY7ji/o88jMoDHHZIJ5Wc+WwNe5hjmk+U=
github.com/twbs/bootstrap v5.3.2+incompatible h1:tuiO5acc6xnZUR77Sbi5aKWXxjYxbmsSbJwYrhAKoQQ=
github.com/twbs/bootstrap v5.3.2+incompatible/go.mod h1:fZTSrkpSf0/HkL0IIJzvVspTt1r9zuf7XlZau8kpcY0=
github.com/twbs/bootstrap v5.3.3+incompatible/go.mod h1:fZTSrkpSf0/HkL0IIJzvVspTt1r9zuf7XlZau8kpcY0=
github.com/twbs/icons v1.11.2 h1:I0zuO+pk4F1jKGautLPFUQyU2uQyir0GBGb4ArpXZLg=
github.com/twbs/icons v1.11.2/go.mod h1:GnRlymgVWp5iVJCMa0Me5b6tFyGpVc2bSxPMRGIJmyA=
github.com/twbs/icons v1.11.3/go.mod h1:GnRlymgVWp5iVJCMa0Me5b6tFyGpVc2bSxPMRGIJmyA=
